
Microsoft Visual Studio Solution File, Format Version 12.00
# Visual Studio 14
VisualStudioVersion = 14.0.25123.0
MinimumVisualStudioVersion = 10.0.40219.1
Project("{FAE04EC0-301F-11D3-BF4B-00C04F79EFBC}") = "HSEModel", "HSEModel\HSEModel.csproj", "{95E1A966-D454-4AC7-8413-0BE91072748D}"
EndProject
Project("{FAE04EC0-301F-11D3-BF4B-00C04F79EFBC}") = "HSE.Tests", "HSE.Tests\HSE.Tests.csproj", "{99A74EC3-92EF-4C4D-9510-D04F61CB19C9}"
EndProject
Project("{FAE04EC0-301F-11D3-BF4B-00C04F79EFBC}") = "Business", "Business\Business.csproj", "{7BC6B637-BFC3-4AA2-90AD-9A387E92C818}"
EndProject
Project("{FAE04EC0-301F-11D3-BF4B-00C04F79EFBC}") = "Data", "Data\Data.csproj", "{2D14DD46-1A68-4191-A352-CA57EA4AC1DA}"
EndProject
Project("{FAE04EC0-301F-11D3-BF4B-00C04F79EFBC}") = "Api", "Api\Api.csproj", "{5A708D63-909E-49CC-BEB6-C24BC29816B0}"
EndProject
Project("{FAE04EC0-301F-11D3-BF4B-00C04F79EFBC}") = "Api.Tests", "Api.Tests\Api.Tests.csproj", "{660BC1C0-A177-4C4E-87E4-94D5685EE768}"
EndProject
Project("{FAE04EC0-301F-11D3-BF4B-00C04F79EFBC}") = "Web", "Web\Web.csproj", "{ADE7FE38-879A-4E2D-A6CB-21C4EF15A953}"
EndProject
Project("{FAE04EC0-301F-11D3-BF4B-00C04F79EFBC}") = "Web.Tests", "Web.Tests\Web.Tests.csproj", "{DA77E270-D630-42BD-B30D-7E08A019A02C}"
EndProject
Project("{FAE04EC0-301F-11D3-BF4B-00C04F79EFBC}") = "Business.Tests", "Business.Tests\Business.Tests.csproj", "{545417AD-297F-4142-A51B-9415673E3EC8}"
EndProject
Project("{FAE04EC0-301F-11D3-BF4B-00C04F79EFBC}") = "Data.Sql", "Data.Sql\Data.Sql.csproj", "{686D9394-6CC5-4981-8943-DCD420F4C236}"
EndProject
Project("{2150E333-8FDC-42A3-9474-1A3956D46DE8}") = "Data Layer", "Data Layer", "{9456508C-59C0-4EB5-A71B-419FFF0AA05F}"
EndProject
Project("{F088123C-0E9E-452A-89E6-6BA2F21D5CAC}") = "Design", "Design\Design.modelproj", "{95016237-37B9-43C6-8438-530741B1D57D}"
EndProject
Project("{FAE04EC0-301F-11D3-BF4B-00C04F79EFBC}") = "Infrastructure", "Infrastructure\Infrastructure.csproj", "{5DC40D54-C824-44A0-9C4F-CF157C3BAEF4}"
EndProject
Project("{2150E333-8FDC-42A3-9474-1A3956D46DE8}") = "Business Layer", "Business Layer", "{845E71AA-7B3D-4B29-ABEC-46409580E750}"
EndProject
Project("{2150E333-8FDC-42A3-9474-1A3956D46DE8}") = "Business Api", "Business Api", "{74950986-EF67-4014-9A47-99D7184A3ECF}"
EndProject
Project("{2150E333-8FDC-42A3-9474-1A3956D46DE8}") = "Model", "Model", "{4FF60700-8F76-45FD-AEE1-5040E8EB15CC}"
EndProject
Project("{2150E333-8FDC-42A3-9474-1A3956D46DE8}") = "Presentation Layer", "Presentation Layer", "{EF23082E-3315-4FCF-9715-19492036DE78}"
EndProject
Project("{FAE04EC0-301F-11D3-BF4B-00C04F79EFBC}") = "AngularVisualStudioStarter", "..\..\..\Downloads\angular-vs2013-starter-master\angular-vs2013-starter-master\AngularVisualStudioStarter\AngularVisualStudioStarter.csproj", "{6EE3F303-7C59-46A2-B412-CAFC680D1941}"
EndProject
Project("{FAE04EC0-301F-11D3-BF4B-00C04F79EFBC}") = "Web.Angular", "Web.Angular\Web.Angular.csproj", "{B8AE70EE-059A-494A-933B-B5F1D2B00AE8}"
EndProject
Global
	GlobalSection(SolutionConfigurationPlatforms) = preSolution
		Debug|Any CPU = Debug|Any CPU
		Release|Any CPU = Release|Any CPU
	EndGlobalSection
	GlobalSection(ProjectConfigurationPlatforms) = postSolution
		{95E1A966-D454-4AC7-8413-0BE91072748D}.Debug|Any CPU.ActiveCfg = Debug|Any CPU
		{95E1A966-D454-4AC7-8413-0BE91072748D}.Debug|Any CPU.Build.0 = Debug|Any CPU
		{95E1A966-D454-4AC7-8413-0BE91072748D}.Release|Any CPU.ActiveCfg = Release|Any CPU
		{95E1A966-D454-4AC7-8413-0BE91072748D}.Release|Any CPU.Build.0 = Release|Any CPU
		{99A74EC3-92EF-4C4D-9510-D04F61CB19C9}.Debug|Any CPU.ActiveCfg = Debug|Any CPU
		{99A74EC3-92EF-4C4D-9510-D04F61CB19C9}.Debug|Any CPU.Build.0 = Debug|Any CPU
		{99A74EC3-92EF-4C4D-9510-D04F61CB19C9}.Release|Any CPU.ActiveCfg = Release|Any CPU
		{99A74EC3-92EF-4C4D-9510-D04F61CB19C9}.Release|Any CPU.Build.0 = Release|Any CPU
		{7BC6B637-BFC3-4AA2-90AD-9A387E92C818}.Debug|Any CPU.ActiveCfg = Debug|Any CPU
		{7BC6B637-BFC3-4AA2-90AD-9A387E92C818}.Debug|Any CPU.Build.0 = Debug|Any CPU
		{7BC6B637-BFC3-4AA2-90AD-9A387E92C818}.Release|Any CPU.ActiveCfg = Release|Any CPU
		{7BC6B637-BFC3-4AA2-90AD-9A387E92C818}.Release|Any CPU.Build.0 = Release|Any CPU
		{2D14DD46-1A68-4191-A352-CA57EA4AC1DA}.Debug|Any CPU.ActiveCfg = Debug|Any CPU
		{2D14DD46-1A68-4191-A352-CA57EA4AC1DA}.Debug|Any CPU.Build.0 = Debug|Any CPU
		{2D14DD46-1A68-4191-A352-CA57EA4AC1DA}.Release|Any CPU.ActiveCfg = Release|Any CPU
		{2D14DD46-1A68-4191-A352-CA57EA4AC1DA}.Release|Any CPU.Build.0 = Release|Any CPU
		{5A708D63-909E-49CC-BEB6-C24BC29816B0}.Debug|Any CPU.ActiveCfg = Debug|Any CPU
		{5A708D63-909E-49CC-BEB6-C24BC29816B0}.Debug|Any CPU.Build.0 = Debug|Any CPU
		{5A708D63-909E-49CC-BEB6-C24BC29816B0}.Release|Any CPU.ActiveCfg = Release|Any CPU
		{5A708D63-909E-49CC-BEB6-C24BC29816B0}.Release|Any CPU.Build.0 = Release|Any CPU
		{660BC1C0-A177-4C4E-87E4-94D5685EE768}.Debug|Any CPU.ActiveCfg = Debug|Any CPU
		{660BC1C0-A177-4C4E-87E4-94D5685EE768}.Debug|Any CPU.Build.0 = Debug|Any CPU
		{660BC1C0-A177-4C4E-87E4-94D5685EE768}.Release|Any CPU.ActiveCfg = Release|Any CPU
		{660BC1C0-A177-4C4E-87E4-94D5685EE768}.Release|Any CPU.Build.0 = Release|Any CPU
		{ADE7FE38-879A-4E2D-A6CB-21C4EF15A953}.Debug|Any CPU.ActiveCfg = Debug|Any CPU
		{ADE7FE38-879A-4E2D-A6CB-21C4EF15A953}.Debug|Any CPU.Build.0 = Debug|Any CPU
		{ADE7FE38-879A-4E2D-A6CB-21C4EF15A953}.Release|Any CPU.ActiveCfg = Release|Any CPU
		{ADE7FE38-879A-4E2D-A6CB-21C4EF15A953}.Release|Any CPU.Build.0 = Release|Any CPU
		{DA77E270-D630-42BD-B30D-7E08A019A02C}.Debug|Any CPU.ActiveCfg = Debug|Any CPU
		{DA77E270-D630-42BD-B30D-7E08A019A02C}.Debug|Any CPU.Build.0 = Debug|Any CPU
		{DA77E270-D630-42BD-B30D-7E08A019A02C}.Release|Any CPU.ActiveCfg = Release|Any CPU
		{DA77E270-D630-42BD-B30D-7E08A019A02C}.Release|Any CPU.Build.0 = Release|Any CPU
		{545417AD-297F-4142-A51B-9415673E3EC8}.Debug|Any CPU.ActiveCfg = Debug|Any CPU
		{545417AD-297F-4142-A51B-9415673E3EC8}.Debug|Any CPU.Build.0 = Debug|Any CPU
		{545417AD-297F-4142-A51B-9415673E3EC8}.Release|Any CPU.ActiveCfg = Release|Any CPU
		{545417AD-297F-4142-A51B-9415673E3EC8}.Release|Any CPU.Build.0 = Release|Any CPU
		{686D9394-6CC5-4981-8943-DCD420F4C236}.Debug|Any CPU.ActiveCfg = Debug|Any CPU
		{686D9394-6CC5-4981-8943-DCD420F4C236}.Debug|Any CPU.Build.0 = Debug|Any CPU
		{686D9394-6CC5-4981-8943-DCD420F4C236}.Release|Any CPU.ActiveCfg = Release|Any CPU
		{686D9394-6CC5-4981-8943-DCD420F4C236}.Release|Any CPU.Build.0 = Release|Any CPU
		{95016237-37B9-43C6-8438-530741B1D57D}.Debug|Any CPU.ActiveCfg = Debug|Any CPU
		{95016237-37B9-43C6-8438-530741B1D57D}.Debug|Any CPU.Build.0 = Debug|Any CPU
		{95016237-37B9-43C6-8438-530741B1D57D}.Release|Any CPU.ActiveCfg = Release|Any CPU
		{95016237-37B9-43C6-8438-530741B1D57D}.Release|Any CPU.Build.0 = Release|Any CPU
		{5DC40D54-C824-44A0-9C4F-CF157C3BAEF4}.Debug|Any CPU.ActiveCfg = Debug|Any CPU
		{5DC40D54-C824-44A0-9C4F-CF157C3BAEF4}.Debug|Any CPU.Build.0 = Debug|Any CPU
		{5DC40D54-C824-44A0-9C4F-CF157C3BAEF4}.Release|Any CPU.ActiveCfg = Release|Any CPU
		{5DC40D54-C824-44A0-9C4F-CF157C3BAEF4}.Release|Any CPU.Build.0 = Release|Any CPU
		{6EE3F303-7C59-46A2-B412-CAFC680D1941}.Debug|Any CPU.ActiveCfg = Debug|Any CPU
		{6EE3F303-7C59-46A2-B412-CAFC680D1941}.Debug|Any CPU.Build.0 = Debug|Any CPU
		{6EE3F303-7C59-46A2-B412-CAFC680D1941}.Release|Any CPU.ActiveCfg = Release|Any CPU
		{6EE3F303-7C59-46A2-B412-CAFC680D1941}.Release|Any CPU.Build.0 = Release|Any CPU
		{B8AE70EE-059A-494A-933B-B5F1D2B00AE8}.Debug|Any CPU.ActiveCfg = Debug|Any CPU
		{B8AE70EE-059A-494A-933B-B5F1D2B00AE8}.Debug|Any CPU.Build.0 = Debug|Any CPU
		{B8AE70EE-059A-494A-933B-B5F1D2B00AE8}.Release|Any CPU.ActiveCfg = Release|Any CPU
		{B8AE70EE-059A-494A-933B-B5F1D2B00AE8}.Release|Any CPU.Build.0 = Release|Any CPU
	EndGlobalSection
	GlobalSection(SolutionProperties) = preSolution
		HideSolutionNode = FALSE
	EndGlobalSection
	GlobalSection(NestedProjects) = preSolution
		{95E1A966-D454-4AC7-8413-0BE91072748D} = {4FF60700-8F76-45FD-AEE1-5040E8EB15CC}
		{7BC6B637-BFC3-4AA2-90AD-9A387E92C818} = {845E71AA-7B3D-4B29-ABEC-46409580E750}
		{2D14DD46-1A68-4191-A352-CA57EA4AC1DA} = {9456508C-59C0-4EB5-A71B-419FFF0AA05F}
		{5A708D63-909E-49CC-BEB6-C24BC29816B0} = {74950986-EF67-4014-9A47-99D7184A3ECF}
		{660BC1C0-A177-4C4E-87E4-94D5685EE768} = {74950986-EF67-4014-9A47-99D7184A3ECF}
		{ADE7FE38-879A-4E2D-A6CB-21C4EF15A953} = {EF23082E-3315-4FCF-9715-19492036DE78}
		{DA77E270-D630-42BD-B30D-7E08A019A02C} = {EF23082E-3315-4FCF-9715-19492036DE78}
		{545417AD-297F-4142-A51B-9415673E3EC8} = {845E71AA-7B3D-4B29-ABEC-46409580E750}
		{686D9394-6CC5-4981-8943-DCD420F4C236} = {9456508C-59C0-4EB5-A71B-419FFF0AA05F}
		{B8AE70EE-059A-494A-933B-B5F1D2B00AE8} = {EF23082E-3315-4FCF-9715-19492036DE78}
	EndGlobalSection
EndGlobal
